
Microsoft Visual Studio Solution File, Format Version 12.00
# Visual Studio Version 16
VisualStudioVersion = 16.0.30011.22
MinimumVisualStudioVersion = 10.0.40219.1
Project("{FAE04EC0-301F-11D3-BF4B-00C04F79EFBC}") = "Урок 11 Водянников Задание 4-6", "Урок 11 Водянников Задание 4-6\Урок 11 Водянников Задание 4-6.csproj", "{AC3AA76B-170F-4382-94B1-3474E260266B}"
EndProject
Global
	GlobalSection(SolutionConfigurationPlatforms) = preSolution
		Debug|Any CPU = Debug|Any CPU
		Release|Any CPU = Release|Any CPU
	EndGlobalSection
	GlobalSection(ProjectConfigurationPlatforms) = postSolution
		{AC3AA76B-170F-4382-94B1-3474E260266B}.Debug|Any CPU.ActiveCfg = Debug|Any CPU
		{AC3AA76B-170F-4382-94B1-3474E260266B}.Debug|Any CPU.Build.0 = Debug|Any CPU
		{AC3AA76B-170F-4382-94B1-3474E260266B}.Release|Any CPU.ActiveCfg = Release|Any CPU
		{AC3AA76B-170F-4382-94B1-3474E260266B}.Release|Any CPU.Build.0 = Release|Any CPU
	EndGlobalSection
	GlobalSection(SolutionProperties) = preSolution
		HideSolutionNode = FALSE
	EndGlobalSection
	GlobalSection(ExtensibilityGlobals) = postSolution
		SolutionGuid = {A1263A2C-9D73-4623-ADA6-5ECA3610C83F}
	EndGlobalSection
EndGlobal
