
Microsoft Visual Studio Solution File, Format Version 12.00
# Visual Studio Version 16
VisualStudioVersion = 16.0.29905.134
MinimumVisualStudioVersion = 10.0.40219.1
Project("{FAE04EC0-301F-11D3-BF4B-00C04F79EFBC}") = "Vodyannikov Srtings 2", "Vodyannikov Srtings 2\Vodyannikov Srtings 2.csproj", "{B6ADE090-F3D5-4204-B6CF-D759A76526C0}"
EndProject
Global
	GlobalSection(SolutionConfigurationPlatforms) = preSolution
		Debug|Any CPU = Debug|Any CPU
		Release|Any CPU = Release|Any CPU
	EndGlobalSection
	GlobalSection(ProjectConfigurationPlatforms) = postSolution
		{B6ADE090-F3D5-4204-B6CF-D759A76526C0}.Debug|Any CPU.ActiveCfg = Debug|Any CPU
		{B6ADE090-F3D5-4204-B6CF-D759A76526C0}.Debug|Any CPU.Build.0 = Debug|Any CPU
		{B6ADE090-F3D5-4204-B6CF-D759A76526C0}.Release|Any CPU.ActiveCfg = Release|Any CPU
		{B6ADE090-F3D5-4204-B6CF-D759A76526C0}.Release|Any CPU.Build.0 = Release|Any CPU
	EndGlobalSection
	GlobalSection(SolutionProperties) = preSolution
		HideSolutionNode = FALSE
	EndGlobalSection
	GlobalSection(ExtensibilityGlobals) = postSolution
		SolutionGuid = {D0C4F5AD-8274-47C4-89F1-C71F0C81F0C7}
	EndGlobalSection
EndGlobal
