
Microsoft Visual Studio Solution File, Format Version 12.00
# Visual Studio Version 16
VisualStudioVersion = 16.0.29905.134
MinimumVisualStudioVersion = 10.0.40219.1
Project("{FAE04EC0-301F-11D3-BF4B-00C04F79EFBC}") = "practic 9 Vodyannikov IS-201 9.04", "practic 9 Vodyannikov IS-201 9.04\practic 9 Vodyannikov IS-201 9.04.csproj", "{CBBEE98F-489C-4E61-8245-8CC651AF7397}"
EndProject
Global
	GlobalSection(SolutionConfigurationPlatforms) = preSolution
		Debug|Any CPU = Debug|Any CPU
		Release|Any CPU = Release|Any CPU
	EndGlobalSection
	GlobalSection(ProjectConfigurationPlatforms) = postSolution
		{CBBEE98F-489C-4E61-8245-8CC651AF7397}.Debug|Any CPU.ActiveCfg = Debug|Any CPU
		{CBBEE98F-489C-4E61-8245-8CC651AF7397}.Debug|Any CPU.Build.0 = Debug|Any CPU
		{CBBEE98F-489C-4E61-8245-8CC651AF7397}.Release|Any CPU.ActiveCfg = Release|Any CPU
		{CBBEE98F-489C-4E61-8245-8CC651AF7397}.Release|Any CPU.Build.0 = Release|Any CPU
	EndGlobalSection
	GlobalSection(SolutionProperties) = preSolution
		HideSolutionNode = FALSE
	EndGlobalSection
	GlobalSection(ExtensibilityGlobals) = postSolution
		SolutionGuid = {C3FC4271-ADAD-493A-85E3-D08E2392D37B}
	EndGlobalSection
EndGlobal
