
Microsoft Visual Studio Solution File, Format Version 12.00
# Visual Studio Version 16
VisualStudioVersion = 16.0.29905.134
MinimumVisualStudioVersion = 10.0.40219.1
Project("{FAE04EC0-301F-11D3-BF4B-00C04F79EFBC}") = "Practic 8 IS-201 Vodyannikov", "Practic 8 IS-201 Vodyannikov\Practic 8 IS-201 Vodyannikov.csproj", "{3BCD9166-BDDB-4331-ABA6-FEA538A15145}"
EndProject
Global
	GlobalSection(SolutionConfigurationPlatforms) = preSolution
		Debug|Any CPU = Debug|Any CPU
		Release|Any CPU = Release|Any CPU
	EndGlobalSection
	GlobalSection(ProjectConfigurationPlatforms) = postSolution
		{3BCD9166-BDDB-4331-ABA6-FEA538A15145}.Debug|Any CPU.ActiveCfg = Debug|Any CPU
		{3BCD9166-BDDB-4331-ABA6-FEA538A15145}.Debug|Any CPU.Build.0 = Debug|Any CPU
		{3BCD9166-BDDB-4331-ABA6-FEA538A15145}.Release|Any CPU.ActiveCfg = Release|Any CPU
		{3BCD9166-BDDB-4331-ABA6-FEA538A15145}.Release|Any CPU.Build.0 = Release|Any CPU
	EndGlobalSection
	GlobalSection(SolutionProperties) = preSolution
		HideSolutionNode = FALSE
	EndGlobalSection
	GlobalSection(ExtensibilityGlobals) = postSolution
		SolutionGuid = {0CF182CC-8D80-4303-ADD9-6668DCA8CB91}
	EndGlobalSection
EndGlobal
