
Microsoft Visual Studio Solution File, Format Version 12.00
# Visual Studio Version 16
VisualStudioVersion = 16.0.30104.148
MinimumVisualStudioVersion = 10.0.40219.1
Project("{FAE04EC0-301F-11D3-BF4B-00C04F79EFBC}") = "Графика Водянников", "Графика Водянников\Графика Водянников.csproj", "{1685D759-7E1D-4F05-B4A1-45E5B7EF674C}"
EndProject
Global
	GlobalSection(SolutionConfigurationPlatforms) = preSolution
		Debug|Any CPU = Debug|Any CPU
		Release|Any CPU = Release|Any CPU
	EndGlobalSection
	GlobalSection(ProjectConfigurationPlatforms) = postSolution
		{1685D759-7E1D-4F05-B4A1-45E5B7EF674C}.Debug|Any CPU.ActiveCfg = Debug|Any CPU
		{1685D759-7E1D-4F05-B4A1-45E5B7EF674C}.Debug|Any CPU.Build.0 = Debug|Any CPU
		{1685D759-7E1D-4F05-B4A1-45E5B7EF674C}.Release|Any CPU.ActiveCfg = Release|Any CPU
		{1685D759-7E1D-4F05-B4A1-45E5B7EF674C}.Release|Any CPU.Build.0 = Release|Any CPU
	EndGlobalSection
	GlobalSection(SolutionProperties) = preSolution
		HideSolutionNode = FALSE
	EndGlobalSection
	GlobalSection(ExtensibilityGlobals) = postSolution
		SolutionGuid = {1778CB52-129F-4CE5-9936-2ED793A237E8}
	EndGlobalSection
EndGlobal
