
Microsoft Visual Studio Solution File, Format Version 12.00
# Visual Studio Version 16
VisualStudioVersion = 16.0.29905.134
MinimumVisualStudioVersion = 10.0.40219.1
Project("{FAE04EC0-301F-11D3-BF4B-00C04F79EFBC}") = "Urok 9 Vodyannikov 24.04", "Urok 9 Vodyannikov 24.04\Urok 9 Vodyannikov 24.04.csproj", "{6572156B-3568-451C-90BF-2B280A7D0EFC}"
EndProject
Global
	GlobalSection(SolutionConfigurationPlatforms) = preSolution
		Debug|Any CPU = Debug|Any CPU
		Release|Any CPU = Release|Any CPU
	EndGlobalSection
	GlobalSection(ProjectConfigurationPlatforms) = postSolution
		{6572156B-3568-451C-90BF-2B280A7D0EFC}.Debug|Any CPU.ActiveCfg = Debug|Any CPU
		{6572156B-3568-451C-90BF-2B280A7D0EFC}.Debug|Any CPU.Build.0 = Debug|Any CPU
		{6572156B-3568-451C-90BF-2B280A7D0EFC}.Release|Any CPU.ActiveCfg = Release|Any CPU
		{6572156B-3568-451C-90BF-2B280A7D0EFC}.Release|Any CPU.Build.0 = Release|Any CPU
	EndGlobalSection
	GlobalSection(SolutionProperties) = preSolution
		HideSolutionNode = FALSE
	EndGlobalSection
	GlobalSection(ExtensibilityGlobals) = postSolution
		SolutionGuid = {FF05667D-98CD-403E-BAB0-E9D12A7250FB}
	EndGlobalSection
EndGlobal
