
Microsoft Visual Studio Solution File, Format Version 12.00
# Visual Studio Version 16
VisualStudioVersion = 16.0.29905.134
MinimumVisualStudioVersion = 10.0.40219.1
Project("{FAE04EC0-301F-11D3-BF4B-00C04F79EFBC}") = "timer zadanie1", "timer zadanie1\timer zadanie1.csproj", "{397FC31B-E8D4-4E7C-84F2-AFDB78930EAA}"
EndProject
Global
	GlobalSection(SolutionConfigurationPlatforms) = preSolution
		Debug|Any CPU = Debug|Any CPU
		Release|Any CPU = Release|Any CPU
	EndGlobalSection
	GlobalSection(ProjectConfigurationPlatforms) = postSolution
		{397FC31B-E8D4-4E7C-84F2-AFDB78930EAA}.Debug|Any CPU.ActiveCfg = Debug|Any CPU
		{397FC31B-E8D4-4E7C-84F2-AFDB78930EAA}.Debug|Any CPU.Build.0 = Debug|Any CPU
		{397FC31B-E8D4-4E7C-84F2-AFDB78930EAA}.Release|Any CPU.ActiveCfg = Release|Any CPU
		{397FC31B-E8D4-4E7C-84F2-AFDB78930EAA}.Release|Any CPU.Build.0 = Release|Any CPU
	EndGlobalSection
	GlobalSection(SolutionProperties) = preSolution
		HideSolutionNode = FALSE
	EndGlobalSection
	GlobalSection(ExtensibilityGlobals) = postSolution
		SolutionGuid = {D1660BA9-E0C4-4E27-8EB8-6096396144C1}
	EndGlobalSection
EndGlobal
